{
  "name": "video-hls",
  "version": "1.0.0",
  "lockfileVersion": 1,
  "requires": true,
  "dependencies": {
    "aes-decrypter": {
      "version": "1.0.3",
      "resolved": "http://registry.npm.taobao.org/aes-decrypter/download/aes-decrypter-1.0.3.tgz",
      "integrity": "sha1-nAa4pUNaWtCduTP4oBSvzxhMw04=",
      "requires": {
        "pkcs7": "0.2.3"
      }
    },
    "babel-runtime": {
      "version": "6.26.0",
      "resolved": "http://registry.npm.taobao.org/babel-runtime/download/babel-runtime-6.26.0.tgz",
      "integrity": "sha1-llxwWGaOgrVde/4E/yM3vItWR/4=",
      "requires": {
        "core-js": "2.5.1",
        "regenerator-runtime": "0.11.0"
      }
    },
    "core-js": {
      "version": "2.5.1",
      "resolved": "http://registry.npm.taobao.org/core-js/download/core-js-2.5.1.tgz",
      "integrity": "sha1-rmh03GaTd4m4B1T/VCjfZoGcpQs="
    },
    "dom-walk": {
      "version": "0.1.1",
      "resolved": "http://registry.npm.taobao.org/dom-walk/download/dom-walk-0.1.1.tgz",
      "integrity": "sha1-ZyIm3HTI95mtNTB9+TaroRrNYBg="
    },
    "es5-shim": {
      "version": "4.5.9",
      "resolved": "http://registry.npm.taobao.org/es5-shim/download/es5-shim-4.5.9.tgz",
      "integrity": "sha1-Kh4rnlg/9f7Qwgo+4svz91IwpcA="
    },
    "es6-promise": {
      "version": "4.1.1",
      "resolved": "http://registry.npm.taobao.org/es6-promise/download/es6-promise-4.1.1.tgz",
      "integrity": "sha1-iBHpCRXZoNujYnTwskLb2nj5ySo="
    },
    "flv.js": {
      "version": "1.3.3",
      "resolved": "http://registry.npm.taobao.org/flv.js/download/flv.js-1.3.3.tgz",
      "integrity": "sha1-SYF3ipIBIbGMHNwEhR8wW3jNqm0=",
      "requires": {
        "es6-promise": "4.1.1",
        "webworkify": "1.4.0"
      }
    },
    "for-each": {
      "version": "0.3.2",
      "resolved": "http://registry.npm.taobao.org/for-each/download/for-each-0.3.2.tgz",
      "integrity": "sha1-LEBFC5NI6X8oEyJZO6lnBLmr1NQ=",
      "requires": {
        "is-function": "1.0.1"
      }
    },
    "global": {
      "version": "4.3.2",
      "resolved": "http://registry.npm.taobao.org/global/download/global-4.3.2.tgz",
      "integrity": "sha1-52mJJopsdMOJCLEwWxD8DjlOnQ8=",
      "requires": {
        "min-document": "2.19.0",
        "process": "0.5.2"
      }
    },
    "individual": {
      "version": "2.0.0",
      "resolved": "http://registry.npm.taobao.org/individual/download/individual-2.0.0.tgz",
      "integrity": "sha1-gzsJfa0jKU52EXqY+zjg2a1hu5c="
    },
    "is-function": {
      "version": "1.0.1",
      "resolved": "http://registry.npm.taobao.org/is-function/download/is-function-1.0.1.tgz",
      "integrity": "sha1-Es+5i2W1fdPRk6MSH19uL0N2ArU="
    },
    "m3u8-parser": {
      "version": "2.1.0",
      "resolved": "http://registry.npm.taobao.org/m3u8-parser/download/m3u8-parser-2.1.0.tgz",
      "integrity": "sha1-yBcDKewc1RXQ1Yu4t2LamJbLA2g="
    },
    "min-document": {
      "version": "2.19.0",
      "resolved": "http://registry.npm.taobao.org/min-document/download/min-document-2.19.0.tgz",
      "integrity": "sha1-e9KC4/WELtKVu3SM3Z8f+iyCRoU=",
      "requires": {
        "dom-walk": "0.1.1"
      }
    },
    "mux.js": {
      "version": "4.3.2",
      "resolved": "http://registry.npm.taobao.org/mux.js/download/mux.js-4.3.2.tgz",
      "integrity": "sha1-V21TffA33F7DXsExa5SNgV01whA="
    },
    "parse-headers": {
      "version": "2.0.1",
      "resolved": "https://registry.npmmirror.com/parse-headers/-/parse-headers-2.0.1.tgz",
      "integrity": "sha512-YySamWVEQCYOvrGXAtu2inwpOSi65eEaRC+vKeurEbG+aGPK+TGlQza5b28TKgH7FPi+YfKK7eWUitVVSs7rkg==",
      "requires": {
        "for-each": "^0.3.2",
        "trim": "0.0.1"
      }
    },
    "pkcs7": {
      "version": "0.2.3",
      "resolved": "http://registry.npm.taobao.org/pkcs7/download/pkcs7-0.2.3.tgz",
      "integrity": "sha1-ItYGZtAQZcXyRDkJjkpIMEUic74="
    },
    "process": {
      "version": "0.5.2",
      "resolved": "http://registry.npm.taobao.org/process/download/process-0.5.2.tgz",
      "integrity": "sha1-FjjYqONML0QKkduVq5rrZ3/Bhc8="
    },
    "regenerator-runtime": {
      "version": "0.11.0",
      "resolved": "http://registry.npm.taobao.org/regenerator-runtime/download/regenerator-runtime-0.11.0.tgz",
      "integrity": "sha1-flT+W1zNXWYk6mJVw0c74JC4AuE="
    },
    "rust-result": {
      "version": "1.0.0",
      "resolved": "http://registry.npm.taobao.org/rust-result/download/rust-result-1.0.0.tgz",
      "integrity": "sha1-NMdbLm3Dn+WHXlveyFteD5FTb3I=",
      "requires": {
        "individual": "2.0.0"
      }
    },
    "safe-json-parse": {
      "version": "4.0.0",
      "resolved": "http://registry.npm.taobao.org/safe-json-parse/download/safe-json-parse-4.0.0.tgz",
      "integrity": "sha1-fA9XjPzNEtM6ccDgVBPi7KFx6qw=",
      "requires": {
        "rust-result": "1.0.0"
      }
    },
    "trim": {
      "version": "0.0.1",
      "resolved": "http://registry.npm.taobao.org/trim/download/trim-0.0.1.tgz",
      "integrity": "sha1-WFhUf2spB1fulczMZm+1AITEYN0="
    },
    "tsml": {
      "version": "1.0.1",
      "resolved": "http://registry.npm.taobao.org/tsml/download/tsml-1.0.1.tgz",
      "integrity": "sha1-ifghi52eJX9H1/a1bQHFpNLGj8M="
    },
    "url-toolkit": {
      "version": "1.0.9",
      "resolved": "http://registry.npm.taobao.org/url-toolkit/download/url-toolkit-1.0.9.tgz",
      "integrity": "sha1-ZkfIT5McVOHmH6OzPhCtNBYe1Nk="
    },
    "vconsole": {
      "version": "3.0.0",
      "resolved": "http://registry.npm.taobao.org/vconsole/download/vconsole-3.0.0.tgz",
      "integrity": "sha1-VMo4cmd+j69uQv37YREQkkLj8Js="
    },
    "video.js": {
      "version": "6.4.0",
      "resolved": "http://registry.npm.taobao.org/video.js/download/video.js-6.4.0.tgz",
      "integrity": "sha1-T78U7uIJxc2ikOVTyAGSZre6FXI=",
      "requires": {
        "babel-runtime": "6.26.0",
        "global": "4.3.2",
        "safe-json-parse": "4.0.0",
        "tsml": "1.0.1",
        "videojs-font": "2.0.0",
        "videojs-ie8": "1.1.2",
        "videojs-vtt.js": "0.12.4",
        "xhr": "2.4.0"
      }
    },
    "videojs-contrib-hls": {
      "version": "5.12.2",
      "resolved": "http://registry.npm.taobao.org/videojs-contrib-hls/download/videojs-contrib-hls-5.12.2.tgz",
      "integrity": "sha1-bVZ6nOt91ASea9U9/xe5bKpMM5w=",
      "requires": {
        "aes-decrypter": "1.0.3",
        "global": "4.3.2",
        "m3u8-parser": "2.1.0",
        "mux.js": "4.3.2",
        "url-toolkit": "1.0.9",
        "video.js": "6.4.0",
        "videojs-contrib-media-sources": "4.6.2",
        "webworkify": "1.0.2"
      },
      "dependencies": {
        "webworkify": {
          "version": "1.0.2",
          "resolved": "http://registry.npm.taobao.org/webworkify/download/webworkify-1.0.2.tgz",
          "integrity": "sha1-thapWmIlJJvyWpHpbglCxmUVWZU="
        }
      }
    },
    "videojs-contrib-media-sources": {
      "version": "4.6.2",
      "resolved": "http://registry.npm.taobao.org/videojs-contrib-media-sources/download/videojs-contrib-media-sources-4.6.2.tgz",
      "integrity": "sha1-z+pAdSzIDehotw0IJoCRV0k6GbY=",
      "requires": {
        "global": "4.3.2",
        "mux.js": "4.3.2",
        "video.js": "5.20.4",
        "webworkify": "1.0.2"
      },
      "dependencies": {
        "video.js": {
          "version": "5.20.4",
          "resolved": "http://registry.npm.taobao.org/video.js/download/video.js-5.20.4.tgz",
          "integrity": "sha1-hdWBKeVoUnzMF5+V9IX1R+48LgY=",
          "requires": {
            "babel-runtime": "6.26.0",
            "global": "4.3.0",
            "safe-json-parse": "4.0.0",
            "tsml": "1.0.1",
            "videojs-font": "2.0.0",
            "videojs-ie8": "1.1.2",
            "videojs-swf": "5.4.1",
            "videojs-vtt.js": "0.12.4",
            "xhr": "2.2.2"
          },
          "dependencies": {
            "global": {
              "version": "4.3.0",
              "resolved": "http://registry.npm.taobao.org/global/download/global-4.3.0.tgz",
              "integrity": "sha1-737EvurVebRU9evV5/MD21T0Kis=",
              "requires": {
                "min-document": "2.19.0",
                "process": "0.5.2"
              }
            }
          }
        },
        "webworkify": {
          "version": "1.0.2",
          "resolved": "http://registry.npm.taobao.org/webworkify/download/webworkify-1.0.2.tgz",
          "integrity": "sha1-thapWmIlJJvyWpHpbglCxmUVWZU="
        },
        "xhr": {
          "version": "2.2.2",
          "resolved": "http://registry.npm.taobao.org/xhr/download/xhr-2.2.2.tgz",
          "integrity": "sha1-LuclcYafhobUFVmp6ihsGJcUNf8=",
          "requires": {
            "global": "4.3.2",
            "is-function": "1.0.1",
            "parse-headers": "2.0.1",
            "xtend": "4.0.1"
          }
        }
      }
    },
    "videojs-flash": {
      "version": "2.0.1",
      "resolved": "http://registry.npm.taobao.org/videojs-flash/download/videojs-flash-2.0.1.tgz",
      "integrity": "sha1-MRMxqYkz5ZNTKd4+f0Bpq2h0PCg=",
      "requires": {
        "global": "4.3.2",
        "video.js": "6.4.0",
        "videojs-swf": "5.4.1"
      },
      "dependencies": {
        "video.js": {
          "version": "6.4.0",
          "resolved": "http://registry.npm.taobao.org/video.js/download/video.js-6.4.0.tgz",
          "integrity": "sha1-T78U7uIJxc2ikOVTyAGSZre6FXI=",
          "requires": {
            "babel-runtime": "6.26.0",
            "global": "4.3.2",
            "safe-json-parse": "4.0.0",
            "tsml": "1.0.1",
            "videojs-font": "2.0.0",
            "videojs-ie8": "1.1.2",
            "videojs-vtt.js": "0.12.4",
            "xhr": "2.4.0"
          }
        },
        "xhr": {
          "version": "2.4.0",
          "resolved": "http://registry.npm.taobao.org/xhr/download/xhr-2.4.0.tgz",
          "integrity": "sha1-4W5mpF+GmGHu76tBbV7/ci3ECZM=",
          "requires": {
            "global": "4.3.2",
            "is-function": "1.0.1",
            "parse-headers": "2.0.1",
            "xtend": "4.0.1"
          }
        }
      }
    },
    "videojs-font": {
      "version": "2.0.0",
      "resolved": "http://registry.npm.taobao.org/videojs-font/download/videojs-font-2.0.0.tgz",
      "integrity": "sha1-r3Rh751LleAzS/+3iy8v8DZKkDQ="
    },
    "videojs-ie8": {
      "version": "1.1.2",
      "resolved": "http://registry.npm.taobao.org/videojs-ie8/download/videojs-ie8-1.1.2.tgz",
      "integrity": "sha1-oj09hgitcZK2nGB3/E64SJmNNdk=",
      "requires": {
        "es5-shim": "4.5.9"
      }
    },
    "videojs-swf": {
      "version": "5.4.1",
      "resolved": "http://registry.npm.taobao.org/videojs-swf/download/videojs-swf-5.4.1.tgz",
      "integrity": "sha1-IHfvccdJ8seCPvSbq65N0qywj4c="
    },
    "videojs-vtt.js": {
      "version": "0.12.4",
      "resolved": "http://registry.npm.taobao.org/videojs-vtt.js/download/videojs-vtt.js-0.12.4.tgz",
      "integrity": "sha1-OPJJnjHvs/qTWQ3a1MtmMnWksWE=",
      "requires": {
        "global": "4.3.2"
      }
    },
    "webworkify": {
      "version": "1.4.0",
      "resolved": "http://registry.npm.taobao.org/webworkify/download/webworkify-1.4.0.tgz",
      "integrity": "sha1-cSRdHjTKz1TkJr2VX4zG7hLQJMI="
    },
    "xhr": {
      "version": "2.4.0",
      "resolved": "http://registry.npm.taobao.org/xhr/download/xhr-2.4.0.tgz",
      "integrity": "sha1-4W5mpF+GmGHu76tBbV7/ci3ECZM=",
      "requires": {
        "global": "4.3.2",
        "is-function": "1.0.1",
        "parse-headers": "2.0.1",
        "xtend": "4.0.1"
      }
    },
    "xtend": {
      "version": "4.0.1",
      "resolved": "http://registry.npm.taobao.org/xtend/download/xtend-4.0.1.tgz",
      "integrity": "sha1-pcbVMr5lbiPbgg77lDofBJmNY68="
    }
  }
}
